
Microsoft Visual Studio Solution File, Format Version 12.00
# Visual Studio 2013
VisualStudioVersion = 12.0.40629.0
MinimumVisualStudioVersion = 10.0.40219.1
Project("{FAE04EC0-301F-11D3-BF4B-00C04F79EFBC}") = "Apprenda-MongoDB", "Apprenda.AddOns.MongoDB\Apprenda-MongoDB.csproj", "{7E2AF90C-AA84-4B06-9C94-4CD705222E4B}"
EndProject
Project("{FAE04EC0-301F-11D3-BF4B-00C04F79EFBC}") = "Apprenda-MongoDB.Test", "Apprenda-MongoDB.Test\Apprenda-MongoDB.Test.csproj", "{02B738E6-617F-431C-A778-52D92DAC0720}"
EndProject
Global
	GlobalSection(SolutionConfigurationPlatforms) = preSolution
		Debug|Any CPU = Debug|Any CPU
		Release|Any CPU = Release|Any CPU
	EndGlobalSection
	GlobalSection(ProjectConfigurationPlatforms) = postSolution
		{7E2AF90C-AA84-4B06-9C94-4CD705222E4B}.Debug|Any CPU.ActiveCfg = Debug|Any CPU
		{7E2AF90C-AA84-4B06-9C94-4CD705222E4B}.Debug|Any CPU.Build.0 = Debug|Any CPU
		{7E2AF90C-AA84-4B06-9C94-4CD705222E4B}.Release|Any CPU.ActiveCfg = Release|Any CPU
		{7E2AF90C-AA84-4B06-9C94-4CD705222E4B}.Release|Any CPU.Build.0 = Release|Any CPU
		{02B738E6-617F-431C-A778-52D92DAC0720}.Debug|Any CPU.ActiveCfg = Debug|Any CPU
		{02B738E6-617F-431C-A778-52D92DAC0720}.Debug|Any CPU.Build.0 = Debug|Any CPU
		{02B738E6-617F-431C-A778-52D92DAC0720}.Release|Any CPU.ActiveCfg = Release|Any CPU
		{02B738E6-617F-431C-A778-52D92DAC0720}.Release|Any CPU.Build.0 = Release|Any CPU
	EndGlobalSection
	GlobalSection(SolutionProperties) = preSolution
		HideSolutionNode = FALSE
	EndGlobalSection
EndGlobal
